PODS:
  - Alamofire (5.0.0-rc.2)

DEPENDENCIES:
  - Alamofire (~> 5.0.0-beta.5)

SPEC REPOS:
  https://github.com/cocoapods/specs.git:
    - Alamofire

SPEC CHECKSUMS:
  Alamofire: f9450d3c7f6bea2ad62e7a541c3e9b186c7991d6

PODFILE CHECKSUM: 25fa9f4246760c3115ce38a8b7dad8f159bd49a4

COCOAPODS: 1.5.2
